{
  "name": "map-capture",
  "lockfileVersion": 3,
  "requires": true,
  "packages": {
    "": {
      "name": "map-capture",
      "dependencies": {
        "@jamiephan/stormlib": "^0.3.0"
      },
      "engines": {
        "node": ">=20"
      }
    },
    "node_modules/@jamiephan/stormlib": {
      "version": "0.3.0",
      "resolved": "https://registry.npmjs.org/@jamiephan/stormlib/-/stormlib-0.3.0.tgz",
      "integrity": "sha512-ehKe+YNiuRLl5rP0KpV+Z4FdgNShFiMMukoctqXIqz2304M0epakZF4u0tsCVTcx5uaBIgubATls7YrULAFe6Q==",
      "hasInstallScript": true,
      "license": "MIT",
      "dependencies": {
        "commander": "^12.1.0",
        "node-addon-api": "^8.9.2",
        "node-gyp-build": "^4.8.0"
      },
      "bin": {
        "stormlib": "dist/cli.js"
      },
      "engines": {
        "node": ">=18.0.0"
      }
    },
    "node_modules/commander": {
      "version": "12.1.0",
      "resolved": "https://registry.npmjs.org/commander/-/commander-12.1.0.tgz",
      "integrity": "sha512-Vw8qHK3bZM9y/P10u3Vib8o/DdkvA2OtPtZvD871QKjy74Wj1WSKFILMPRPSdUSx5RFK1arlJzEtA4PkFgnbuA==",
      "license": "MIT",
      "engines": {
        "node": ">=18"
      }
    },
    "node_modules/node-addon-api": {
      "version": "8.9.2",
      "resolved": "https://registry.npmjs.org/node-addon-api/-/node-addon-api-8.9.2.tgz",
      "integrity": "sha512-VijLXbi3UACN69I0JVXJsX4tjACjNoQDgv2gTF6sx2wWEi8tkSg2eX8p5gSIFi8z2+DL3oHmY6OyKce38SDolg==",
      "license": "MIT",
      "engines": {
        "node": "^18 || ^20 || >= 21"
      }
    },
    "node_modules/node-gyp-build": {
      "version": "4.8.4",
      "resolved": "https://registry.npmjs.org/node-gyp-build/-/node-gyp-build-4.8.4.tgz",
      "integrity": "sha512-LA4ZjwlnUblHVgq0oBF3Jl/6h/Nvs5fzBLwdEF4nuxnFdsfajde4WfxtJr3CaiH+F6ewcIB/q4jQ4UzPyid+CQ==",
      "license": "MIT",
      "bin": {
        "node-gyp-build": "bin.js",
        "node-gyp-build-optional": "optional.js",
        "node-gyp-build-test": "build-test.js"
      }
    }
  }
}
